
Microsoft Visual Studio Solution File, Format Version 12.00
# Visual Studio 15
VisualStudioVersion = 15.0.28307.168
MinimumVisualStudioVersion = 10.0.40219.1
Project("{FAE04EC0-301F-11D3-BF4B-00C04F79EFBC}") = "Leetcode.Issues", "Leetcode.Issues\Leetcode.Issues.csproj", "{833E467F-F0F3-4867-BB0F-625C0A3CB052}"
EndProject
Global
	GlobalSection(SolutionConfigurationPlatforms) = preSolution
		Debug|Any CPU = Debug|Any CPU
		Release|Any CPU = Release|Any CPU
	EndGlobalSection
	GlobalSection(ProjectConfigurationPlatforms) = postSolution
		{833E467F-F0F3-4867-BB0F-625C0A3CB052}.Debug|Any CPU.ActiveCfg = Debug|Any CPU
		{833E467F-F0F3-4867-BB0F-625C0A3CB052}.Debug|Any CPU.Build.0 = Debug|Any CPU
		{833E467F-F0F3-4867-BB0F-625C0A3CB052}.Release|Any CPU.ActiveCfg = Release|Any CPU
		{833E467F-F0F3-4867-BB0F-625C0A3CB052}.Release|Any CPU.Build.0 = Release|Any CPU
	EndGlobalSection
	GlobalSection(SolutionProperties) = preSolution
		HideSolutionNode = FALSE
	EndGlobalSection
	GlobalSection(ExtensibilityGlobals) = postSolution
		SolutionGuid = {6A69B868-6DD8-4224-AA8E-FBECBE228EE5}
	EndGlobalSection
EndGlobal
